
Microsoft Visual Studio Solution File, Format Version 12.00
# Visual Studio Version 16
VisualStudioVersion = 16.0.28803.156
MinimumVisualStudioVersion = 10.0.40219.1
Project("{8BC9CEB8-8B4A-11D0-8D11-00A0C91BC942}") = "ODNative", "ODNative\ODNative.vcxproj", "{4222D206-0E8A-4F68-A171-4AFDB031098E}"
EndProject
Project("{FAE04EC0-301F-11D3-BF4B-00C04F79EFBC}") = "OneDriveLib", "OneDriveLib\OneDriveLib.csproj", "{0BA56256-CB30-4DEB-A442-6ACBB7F6B2B3}"
EndProject
Project("{8BC9CEB8-8B4A-11D0-8D11-00A0C91BC942}") = "ODOnDemand", "ODOnDemand\ODOnDemand.vcxproj", "{DBFDC140-542D-4C72-8746-7B79070BCF89}"
EndProject
Global
	GlobalSection(SolutionConfigurationPlatforms) = preSolution
		CD_ROM|Any CPU = CD_ROM|Any CPU
		CD_ROM|ARM = CD_ROM|ARM
		CD_ROM|Mixed Platforms = CD_ROM|Mixed Platforms
		CD_ROM|x64 = CD_ROM|x64
		CD_ROM|x86 = CD_ROM|x86
		Debug|Any CPU = Debug|Any CPU
		Debug|ARM = Debug|ARM
		Debug|Mixed Platforms = Debug|Mixed Platforms
		Debug|x64 = Debug|x64
		Debug|x86 = Debug|x86
		DVD-5|Any CPU = DVD-5|Any CPU
		DVD-5|ARM = DVD-5|ARM
		DVD-5|Mixed Platforms = DVD-5|Mixed Platforms
		DVD-5|x64 = DVD-5|x64
		DVD-5|x86 = DVD-5|x86
		Release|Any CPU = Release|Any CPU
		Release|ARM = Release|ARM
		Release|Mixed Platforms = Release|Mixed Platforms
		Release|x64 = Release|x64
		Release|x86 = Release|x86
		SingleImage|Any CPU = SingleImage|Any CPU
		SingleImage|ARM = SingleImage|ARM
		SingleImage|Mixed Platforms = SingleImage|Mixed Platforms
		SingleImage|x64 = SingleImage|x64
		SingleImage|x86 = SingleImage|x86
	EndGlobalSection
	GlobalSection(ProjectConfigurationPlatforms) = postSolution
		{4222D206-0E8A-4F68-A171-4AFDB031098E}.CD_ROM|Any CPU.ActiveCfg = Release|Win32
		{4222D206-0E8A-4F68-A171-4AFDB031098E}.CD_ROM|ARM.ActiveCfg = Release|Win32
		{4222D206-0E8A-4F68-A171-4AFDB031098E}.CD_ROM|Mixed Platforms.ActiveCfg = Release|Win32
		{4222D206-0E8A-4F68-A171-4AFDB031098E}.CD_ROM|Mixed Platforms.Build.0 = Release|Win32
		{4222D206-0E8A-4F68-A171-4AFDB031098E}.CD_ROM|x64.ActiveCfg = Release|x64
		{4222D206-0E8A-4F68-A171-4AFDB031098E}.CD_ROM|x64.Build.0 = Release|x64
		{4222D206-0E8A-4F68-A171-4AFDB031098E}.CD_ROM|x86.ActiveCfg = Release|Win32
		{4222D206-0E8A-4F68-A171-4AFDB031098E}.CD_ROM|x86.Build.0 = Release|Win32
		{4222D206-0E8A-4F68-A171-4AFDB031098E}.Debug|Any CPU.ActiveCfg = Debug|Win32
		{4222D206-0E8A-4F68-A171-4AFDB031098E}.Debug|ARM.ActiveCfg = Debug|Win32
		{4222D206-0E8A-4F68-A171-4AFDB031098E}.Debug|Mixed Platforms.ActiveCfg = Debug|Win32
		{4222D206-0E8A-4F68-A171-4AFDB031098E}.Debug|Mixed Platforms.Build.0 = Debug|Win32
		{4222D206-0E8A-4F68-A171-4AFDB031098E}.Debug|x64.ActiveCfg = Debug|x64
		{4222D206-0E8A-4F68-A171-4AFDB031098E}.Debug|x64.Build.0 = Debug|x64
		{4222D206-0E8A-4F68-A171-4AFDB031098E}.Debug|x86.ActiveCfg = Debug|Win32
		{4222D206-0E8A-4F68-A171-4AFDB031098E}.Debug|x86.Build.0 = Debug|Win32
		{4222D206-0E8A-4F68-A171-4AFDB031098E}.DVD-5|Any CPU.ActiveCfg = Debug|Win32
		{4222D206-0E8A-4F68-A171-4AFDB031098E}.DVD-5|ARM.ActiveCfg = Debug|Win32
		{4222D206-0E8A-4F68-A171-4AFDB031098E}.DVD-5|Mixed Platforms.ActiveCfg = Debug|Win32
		{4222D206-0E8A-4F68-A171-4AFDB031098E}.DVD-5|Mixed Platforms.Build.0 = Debug|Win32
		{4222D206-0E8A-4F68-A171-4AFDB031098E}.DVD-5|x64.ActiveCfg = Debug|x64
		{4222D206-0E8A-4F68-A171-4AFDB031098E}.DVD-5|x64.Build.0 = Debug|x64
		{4222D206-0E8A-4F68-A171-4AFDB031098E}.DVD-5|x86.ActiveCfg = Debug|Win32
		{4222D206-0E8A-4F68-A171-4AFDB031098E}.DVD-5|x86.Build.0 = Debug|Win32
		{4222D206-0E8A-4F68-A171-4AFDB031098E}.Release|Any CPU.ActiveCfg = Release|Win32
		{4222D206-0E8A-4F68-A171-4AFDB031098E}.Release|ARM.ActiveCfg = Release|Win32
		{4222D206-0E8A-4F68-A171-4AFDB031098E}.Release|Mixed Platforms.ActiveCfg = Release|Win32
		{4222D206-0E8A-4F68-A171-4AFDB031098E}.Release|Mixed Platforms.Build.0 = Release|Win32
		{4222D206-0E8A-4F68-A171-4AFDB031098E}.Release|x64.ActiveCfg = Release|x64
		{4222D206-0E8A-4F68-A171-4AFDB031098E}.Release|x64.Build.0 = Release|x64
		{4222D206-0E8A-4F68-A171-4AFDB031098E}.Release|x86.ActiveCfg = Release|Win32
		{4222D206-0E8A-4F68-A171-4AFDB031098E}.Release|x86.Build.0 = Release|Win32
		{4222D206-0E8A-4F68-A171-4AFDB031098E}.SingleImage|Any CPU.ActiveCfg = Release|Win32
		{4222D206-0E8A-4F68-A171-4AFDB031098E}.SingleImage|ARM.ActiveCfg = Release|Win32
		{4222D206-0E8A-4F68-A171-4AFDB031098E}.SingleImage|Mixed Platforms.ActiveCfg = Release|Win32
		{4222D206-0E8A-4F68-A171-4AFDB031098E}.SingleImage|Mixed Platforms.Build.0 = Release|Win32
		{4222D206-0E8A-4F68-A171-4AFDB031098E}.SingleImage|x64.ActiveCfg = Release|x64
		{4222D206-0E8A-4F68-A171-4AFDB031098E}.SingleImage|x64.Build.0 = Release|x64
		{4222D206-0E8A-4F68-A171-4AFDB031098E}.SingleImage|x86.ActiveCfg = Release|Win32
		{4222D206-0E8A-4F68-A171-4AFDB031098E}.SingleImage|x86.Build.0 = Release|Win32
		{0BA56256-CB30-4DEB-A442-6ACBB7F6B2B3}.CD_ROM|Any CPU.ActiveCfg = Release|Any CPU
		{0BA56256-CB30-4DEB-A442-6ACBB7F6B2B3}.CD_ROM|Any CPU.Build.0 = Release|Any CPU
		{0BA56256-CB30-4DEB-A442-6ACBB7F6B2B3}.CD_ROM|ARM.ActiveCfg = Release|Any CPU
		{0BA56256-CB30-4DEB-A442-6ACBB7F6B2B3}.CD_ROM|ARM.Build.0 = Release|Any CPU
		{0BA56256-CB30-4DEB-A442-6ACBB7F6B2B3}.CD_ROM|Mixed Platforms.ActiveCfg = Release|Any CPU
		{0BA56256-CB30-4DEB-A442-6ACBB7F6B2B3}.CD_ROM|Mixed Platforms.Build.0 = Release|Any CPU
		{0BA56256-CB30-4DEB-A442-6ACBB7F6B2B3}.CD_ROM|x64.ActiveCfg = Release|Any CPU
		{0BA56256-CB30-4DEB-A442-6ACBB7F6B2B3}.CD_ROM|x64.Build.0 = Release|Any CPU
		{0BA56256-CB30-4DEB-A442-6ACBB7F6B2B3}.CD_ROM|x86.ActiveCfg = Release|Any CPU
		{0BA56256-CB30-4DEB-A442-6ACBB7F6B2B3}.CD_ROM|x86.Build.0 = Release|Any CPU
		{0BA56256-CB30-4DEB-A442-6ACBB7F6B2B3}.Debug|Any CPU.ActiveCfg = Debug|Any CPU
		{0BA56256-CB30-4DEB-A442-6ACBB7F6B2B3}.Debug|Any CPU.Build.0 = Debug|Any CPU
		{0BA56256-CB30-4DEB-A442-6ACBB7F6B2B3}.Debug|ARM.ActiveCfg = Debug|Any CPU
		{0BA56256-CB30-4DEB-A442-6ACBB7F6B2B3}.Debug|ARM.Build.0 = Debug|Any CPU
		{0BA56256-CB30-4DEB-A442-6ACBB7F6B2B3}.Debug|Mixed Platforms.ActiveCfg = Debug|Any CPU
		{0BA56256-CB30-4DEB-A442-6ACBB7F6B2B3}.Debug|Mixed Platforms.Build.0 = Debug|Any CPU
		{0BA56256-CB30-4DEB-A442-6ACBB7F6B2B3}.Debug|x64.ActiveCfg = Debug|Any CPU
		{0BA56256-CB30-4DEB-A442-6ACBB7F6B2B3}.Debug|x64.Build.0 = Debug|Any CPU
		{0BA56256-CB30-4DEB-A442-6ACBB7F6B2B3}.Debug|x86.ActiveCfg = Debug|Any CPU
		{0BA56256-CB30-4DEB-A442-6ACBB7F6B2B3}.Debug|x86.Build.0 = Debug|Any CPU
		{0BA56256-CB30-4DEB-A442-6ACBB7F6B2B3}.DVD-5|Any CPU.ActiveCfg = Debug|Any CPU
		{0BA56256-CB30-4DEB-A442-6ACBB7F6B2B3}.DVD-5|Any CPU.Build.0 = Debug|Any CPU
		{0BA56256-CB30-4DEB-A442-6ACBB7F6B2B3}.DVD-5|ARM.ActiveCfg = Debug|Any CPU
		{0BA56256-CB30-4DEB-A442-6ACBB7F6B2B3}.DVD-5|ARM.Build.0 = Debug|Any CPU
		{0BA56256-CB30-4DEB-A442-6ACBB7F6B2B3}.DVD-5|Mixed Platforms.ActiveCfg = Debug|Any CPU
		{0BA56256-CB30-4DEB-A442-6ACBB7F6B2B3}.DVD-5|Mixed Platforms.Build.0 = Debug|Any CPU
		{0BA56256-CB30-4DEB-A442-6ACBB7F6B2B3}.DVD-5|x64.ActiveCfg = Debug|Any CPU
		{0BA56256-CB30-4DEB-A442-6ACBB7F6B2B3}.DVD-5|x64.Build.0 = Debug|Any CPU
		{0BA56256-CB30-4DEB-A442-6ACBB7F6B2B3}.DVD-5|x86.ActiveCfg = Debug|Any CPU
		{0BA56256-CB30-4DEB-A442-6ACBB7F6B2B3}.DVD-5|x86.Build.0 = Debug|Any CPU
		{0BA56256-CB30-4DEB-A442-6ACBB7F6B2B3}.Release|Any CPU.ActiveCfg = Release|Any CPU
		{0BA56256-CB30-4DEB-A442-6ACBB7F6B2B3}.Release|Any CPU.Build.0 = Release|Any CPU
		{0BA56256-CB30-4DEB-A442-6ACBB7F6B2B3}.Release|ARM.ActiveCfg = Release|Any CPU
		{0BA56256-CB30-4DEB-A442-6ACBB7F6B2B3}.Release|ARM.Build.0 = Release|Any CPU
		{0BA56256-CB30-4DEB-A442-6ACBB7F6B2B3}.Release|Mixed Platforms.ActiveCfg = Release|Any CPU
		{0BA56256-CB30-4DEB-A442-6ACBB7F6B2B3}.Release|Mixed Platforms.Build.0 = Release|Any CPU
		{0BA56256-CB30-4DEB-A442-6ACBB7F6B2B3}.Release|x64.ActiveCfg = Release|Any CPU
		{0BA56256-CB30-4DEB-A442-6ACBB7F6B2B3}.Release|x64.Build.0 = Release|Any CPU
		{0BA56256-CB30-4DEB-A442-6ACBB7F6B2B3}.Release|x86.ActiveCfg = Release|Any CPU
		{0BA56256-CB30-4DEB-A442-6ACBB7F6B2B3}.Release|x86.Build.0 = Release|Any CPU
		{0BA56256-CB30-4DEB-A442-6ACBB7F6B2B3}.SingleImage|Any CPU.ActiveCfg = Release|Any CPU
		{0BA56256-CB30-4DEB-A442-6ACBB7F6B2B3}.SingleImage|Any CPU.Build.0 = Release|Any CPU
		{0BA56256-CB30-4DEB-A442-6ACBB7F6B2B3}.SingleImage|ARM.ActiveCfg = Release|Any CPU
		{0BA56256-CB30-4DEB-A442-6ACBB7F6B2B3}.SingleImage|ARM.Build.0 = Release|Any CPU
		{0BA56256-CB30-4DEB-A442-6ACBB7F6B2B3}.SingleImage|Mixed Platforms.ActiveCfg = Release|Any CPU
		{0BA56256-CB30-4DEB-A442-6ACBB7F6B2B3}.SingleImage|Mixed Platforms.Build.0 = Release|Any CPU
		{0BA56256-CB30-4DEB-A442-6ACBB7F6B2B3}.SingleImage|x64.ActiveCfg = Release|Any CPU
		{0BA56256-CB30-4DEB-A442-6ACBB7F6B2B3}.SingleImage|x64.Build.0 = Release|Any CPU
		{0BA56256-CB30-4DEB-A442-6ACBB7F6B2B3}.SingleImage|x86.ActiveCfg = Release|Any CPU
		{0BA56256-CB30-4DEB-A442-6ACBB7F6B2B3}.SingleImage|x86.Build.0 = Release|Any CPU
		{DBFDC140-542D-4C72-8746-7B79070BCF89}.CD_ROM|Any CPU.ActiveCfg = Debug|Win32
		{DBFDC140-542D-4C72-8746-7B79070BCF89}.CD_ROM|Any CPU.Build.0 = Debug|Win32
		{DBFDC140-542D-4C72-8746-7B79070BCF89}.CD_ROM|ARM.ActiveCfg = Debug|Win32
		{DBFDC140-542D-4C72-8746-7B79070BCF89}.CD_ROM|ARM.Build.0 = Debug|Win32
		{DBFDC140-542D-4C72-8746-7B79070BCF89}.CD_ROM|Mixed Platforms.ActiveCfg = Debug|Win32
		{DBFDC140-542D-4C72-8746-7B79070BCF89}.CD_ROM|Mixed Platforms.Build.0 = Debug|Win32
		{DBFDC140-542D-4C72-8746-7B79070BCF89}.CD_ROM|x64.ActiveCfg = Debug|x64
		{DBFDC140-542D-4C72-8746-7B79070BCF89}.CD_ROM|x64.Build.0 = Debug|x64
		{DBFDC140-542D-4C72-8746-7B79070BCF89}.CD_ROM|x86.ActiveCfg = Debug|Win32
		{DBFDC140-542D-4C72-8746-7B79070BCF89}.CD_ROM|x86.Build.0 = Debug|Win32
		{DBFDC140-542D-4C72-8746-7B79070BCF89}.Debug|Any CPU.ActiveCfg = Debug|Win32
		{DBFDC140-542D-4C72-8746-7B79070BCF89}.Debug|ARM.ActiveCfg = Debug|Win32
		{DBFDC140-542D-4C72-8746-7B79070BCF89}.Debug|Mixed Platforms.ActiveCfg = Debug|Win32
		{DBFDC140-542D-4C72-8746-7B79070BCF89}.Debug|Mixed Platforms.Build.0 = Debug|Win32
		{DBFDC140-542D-4C72-8746-7B79070BCF89}.Debug|x64.ActiveCfg = Debug|x64
		{DBFDC140-542D-4C72-8746-7B79070BCF89}.Debug|x64.Build.0 = Debug|x64
		{DBFDC140-542D-4C72-8746-7B79070BCF89}.Debug|x86.ActiveCfg = Debug|Win32
		{DBFDC140-542D-4C72-8746-7B79070BCF89}.Debug|x86.Build.0 = Debug|Win32
		{DBFDC140-542D-4C72-8746-7B79070BCF89}.DVD-5|Any CPU.ActiveCfg = Debug|Win32
		{DBFDC140-542D-4C72-8746-7B79070BCF89}.DVD-5|Any CPU.Build.0 = Debug|Win32
		{DBFDC140-542D-4C72-8746-7B79070BCF89}.DVD-5|ARM.ActiveCfg = Debug|Win32
		{DBFDC140-542D-4C72-8746-7B79070BCF89}.DVD-5|ARM.Build.0 = Debug|Win32
		{DBFDC140-542D-4C72-8746-7B79070BCF89}.DVD-5|Mixed Platforms.ActiveCfg = Debug|Win32
		{DBFDC140-542D-4C72-8746-7B79070BCF89}.DVD-5|Mixed Platforms.Build.0 = Debug|Win32
		{DBFDC140-542D-4C72-8746-7B79070BCF89}.DVD-5|x64.ActiveCfg = Debug|x64
		{DBFDC140-542D-4C72-8746-7B79070BCF89}.DVD-5|x64.Build.0 = Debug|x64
		{DBFDC140-542D-4C72-8746-7B79070BCF89}.DVD-5|x86.ActiveCfg = Debug|Win32
		{DBFDC140-542D-4C72-8746-7B79070BCF89}.DVD-5|x86.Build.0 = Debug|Win32
		{DBFDC140-542D-4C72-8746-7B79070BCF89}.Release|Any CPU.ActiveCfg = Release|Win32
		{DBFDC140-542D-4C72-8746-7B79070BCF89}.Release|ARM.ActiveCfg = Release|Win32
		{DBFDC140-542D-4C72-8746-7B79070BCF89}.Release|Mixed Platforms.ActiveCfg = Release|Win32
		{DBFDC140-542D-4C72-8746-7B79070BCF89}.Release|Mixed Platforms.Build.0 = Release|Win32
		{DBFDC140-542D-4C72-8746-7B79070BCF89}.Release|x64.ActiveCfg = Release|x64
		{DBFDC140-542D-4C72-8746-7B79070BCF89}.Release|x64.Build.0 = Release|x64
		{DBFDC140-542D-4C72-8746-7B79070BCF89}.Release|x86.ActiveCfg = Release|Win32
		{DBFDC140-542D-4C72-8746-7B79070BCF89}.Release|x86.Build.0 = Release|Win32
		{DBFDC140-542D-4C72-8746-7B79070BCF89}.SingleImage|Any CPU.ActiveCfg = Debug|Win32
		{DBFDC140-542D-4C72-8746-7B79070BCF89}.SingleImage|Any CPU.Build.0 = Debug|Win32
		{DBFDC140-542D-4C72-8746-7B79070BCF89}.SingleImage|ARM.ActiveCfg = Debug|Win32
		{DBFDC140-542D-4C72-8746-7B79070BCF89}.SingleImage|ARM.Build.0 = Debug|Win32
		{DBFDC140-542D-4C72-8746-7B79070BCF89}.SingleImage|Mixed Platforms.ActiveCfg = Debug|Win32
		{DBFDC140-542D-4C72-8746-7B79070BCF89}.SingleImage|Mixed Platforms.Build.0 = Debug|Win32
		{DBFDC140-542D-4C72-8746-7B79070BCF89}.SingleImage|x64.ActiveCfg = Debug|x64
		{DBFDC140-542D-4C72-8746-7B79070BCF89}.SingleImage|x64.Build.0 = Debug|x64
		{DBFDC140-542D-4C72-8746-7B79070BCF89}.SingleImage|x86.ActiveCfg = Debug|Win32
		{DBFDC140-542D-4C72-8746-7B79070BCF89}.SingleImage|x86.Build.0 = Debug|Win32
	EndGlobalSection
	GlobalSection(SolutionProperties) = preSolution
		HideSolutionNode = FALSE
	EndGlobalSection
	GlobalSection(ExtensibilityGlobals) = postSolution
		SolutionGuid = {223C73A1-27AF-434C-945C-66800EEC3D49}
	EndGlobalSection
EndGlobal
