
Microsoft Visual Studio Solution File, Format Version 12.00
# Visual Studio Version 16
VisualStudioVersion = 16.0.34031.81
MinimumVisualStudioVersion = 10.0.40219.1
Project("{FAE04EC0-301F-11D3-BF4B-00C04F79EFBC}") = "OneDrive", "OneDrive.csproj", "{1DFDE3CE-FB18-4B00-BB8D-D7DB93403A1C}"
EndProject
Global
	GlobalSection(SolutionConfigurationPlatforms) = preSolution
		Debug|Any CPU = Debug|Any CPU
		Release|Any CPU = Release|Any CPU
	EndGlobalSection
	GlobalSection(ProjectConfigurationPlatforms) = postSolution
		{1DFDE3CE-FB18-4B00-BB8D-D7DB93403A1C}.Debug|Any CPU.ActiveCfg = Debug|Any CPU
		{1DFDE3CE-FB18-4B00-BB8D-D7DB93403A1C}.Debug|Any CPU.Build.0 = Debug|Any CPU
		{1DFDE3CE-FB18-4B00-BB8D-D7DB93403A1C}.Release|Any CPU.ActiveCfg = Release|Any CPU
		{1DFDE3CE-FB18-4B00-BB8D-D7DB93403A1C}.Release|Any CPU.Build.0 = Release|Any CPU
	EndGlobalSection
	GlobalSection(SolutionProperties) = preSolution
		HideSolutionNode = FALSE
	EndGlobalSection
	GlobalSection(ExtensibilityGlobals) = postSolution
		SolutionGuid = {CFE5D4A0-AA01-4E27-BD96-7A01149F7E8D}
	EndGlobalSection
EndGlobal
